
Microsoft Visual Studio Solution File, Format Version 12.00
# Visual Studio Version 17
VisualStudioVersion = 17.3.32901.215
MinimumVisualStudioVersion = 10.0.40219.1
Project("{8BC9CEB8-8B4A-11D0-8D11-00A0C91BC942}") = "task", "task\task.vcxproj", "{FD3D2B7A-5F0A-460A-8F6F-47CB98B3886F}"
EndProject
Project("{8BC9CEB8-8B4A-11D0-8D11-00A0C91BC942}") = "task3", "task2\task2.vcxproj", "{319DFF0A-15FC-4FC8-B933-2565F7DA12B5}"
EndProject
Project("{8BC9CEB8-8B4A-11D0-8D11-00A0C91BC942}") = "task3", "task3\task3.vcxproj", "{DBDE4FF7-A4B0-496F-9B7D-7792E6241EC7}"
EndProject
Project("{8BC9CEB8-8B4A-11D0-8D11-00A0C91BC942}") = "task4", "task4\task4.vcxproj", "{01BA046A-7068-4091-A0C2-423BE0560FB5}"
EndProject
Project("{8BC9CEB8-8B4A-11D0-8D11-00A0C91BC942}") = "task5", "task5\task5.vcxproj", "{32C19D27-B8E6-45B9-8A1C-B42831C0636D}"
EndProject
Project("{8BC9CEB8-8B4A-11D0-8D11-00A0C91BC942}") = "task6", "task6\task6.vcxproj", "{1C5929C9-9B5F-46C9-8565-99ED82B55C65}"
EndProject
Global
	GlobalSection(SolutionConfigurationPlatforms) = preSolution
		Debug|x64 = Debug|x64
		Debug|x86 = Debug|x86
		Release|x64 = Release|x64
		Release|x86 = Release|x86
	EndGlobalSection
	GlobalSection(ProjectConfigurationPlatforms) = postSolution
		{FD3D2B7A-5F0A-460A-8F6F-47CB98B3886F}.Debug|x64.ActiveCfg = Debug|x64
		{FD3D2B7A-5F0A-460A-8F6F-47CB98B3886F}.Debug|x64.Build.0 = Debug|x64
		{FD3D2B7A-5F0A-460A-8F6F-47CB98B3886F}.Debug|x86.ActiveCfg = Debug|Win32
		{FD3D2B7A-5F0A-460A-8F6F-47CB98B3886F}.Debug|x86.Build.0 = Debug|Win32
		{FD3D2B7A-5F0A-460A-8F6F-47CB98B3886F}.Release|x64.ActiveCfg = Release|x64
		{FD3D2B7A-5F0A-460A-8F6F-47CB98B3886F}.Release|x64.Build.0 = Release|x64
		{FD3D2B7A-5F0A-460A-8F6F-47CB98B3886F}.Release|x86.ActiveCfg = Release|Win32
		{FD3D2B7A-5F0A-460A-8F6F-47CB98B3886F}.Release|x86.Build.0 = Release|Win32
		{319DFF0A-15FC-4FC8-B933-2565F7DA12B5}.Debug|x64.ActiveCfg = Debug|x64
		{319DFF0A-15FC-4FC8-B933-2565F7DA12B5}.Debug|x64.Build.0 = Debug|x64
		{319DFF0A-15FC-4FC8-B933-2565F7DA12B5}.Debug|x86.ActiveCfg = Debug|Win32
		{319DFF0A-15FC-4FC8-B933-2565F7DA12B5}.Debug|x86.Build.0 = Debug|Win32
		{319DFF0A-15FC-4FC8-B933-2565F7DA12B5}.Release|x64.ActiveCfg = Release|x64
		{319DFF0A-15FC-4FC8-B933-2565F7DA12B5}.Release|x64.Build.0 = Release|x64
		{319DFF0A-15FC-4FC8-B933-2565F7DA12B5}.Release|x86.ActiveCfg = Release|Win32
		{319DFF0A-15FC-4FC8-B933-2565F7DA12B5}.Release|x86.Build.0 = Release|Win32
		{DBDE4FF7-A4B0-496F-9B7D-7792E6241EC7}.Debug|x64.ActiveCfg = Debug|x64
		{DBDE4FF7-A4B0-496F-9B7D-7792E6241EC7}.Debug|x64.Build.0 = Debug|x64
		{DBDE4FF7-A4B0-496F-9B7D-7792E6241EC7}.Debug|x86.ActiveCfg = Debug|Win32
		{DBDE4FF7-A4B0-496F-9B7D-7792E6241EC7}.Debug|x86.Build.0 = Debug|Win32
		{DBDE4FF7-A4B0-496F-9B7D-7792E6241EC7}.Release|x64.ActiveCfg = Release|x64
		{DBDE4FF7-A4B0-496F-9B7D-7792E6241EC7}.Release|x64.Build.0 = Release|x64
		{DBDE4FF7-A4B0-496F-9B7D-7792E6241EC7}.Release|x86.ActiveCfg = Release|Win32
		{DBDE4FF7-A4B0-496F-9B7D-7792E6241EC7}.Release|x86.Build.0 = Release|Win32
		{01BA046A-7068-4091-A0C2-423BE0560FB5}.Debug|x64.ActiveCfg = Debug|x64
		{01BA046A-7068-4091-A0C2-423BE0560FB5}.Debug|x64.Build.0 = Debug|x64
		{01BA046A-7068-4091-A0C2-423BE0560FB5}.Debug|x86.ActiveCfg = Debug|Win32
		{01BA046A-7068-4091-A0C2-423BE0560FB5}.Debug|x86.Build.0 = Debug|Win32
		{01BA046A-7068-4091-A0C2-423BE0560FB5}.Release|x64.ActiveCfg = Release|x64
		{01BA046A-7068-4091-A0C2-423BE0560FB5}.Release|x64.Build.0 = Release|x64
		{01BA046A-7068-4091-A0C2-423BE0560FB5}.Release|x86.ActiveCfg = Release|Win32
		{01BA046A-7068-4091-A0C2-423BE0560FB5}.Release|x86.Build.0 = Release|Win32
		{32C19D27-B8E6-45B9-8A1C-B42831C0636D}.Debug|x64.ActiveCfg = Debug|x64
		{32C19D27-B8E6-45B9-8A1C-B42831C0636D}.Debug|x64.Build.0 = Debug|x64
		{32C19D27-B8E6-45B9-8A1C-B42831C0636D}.Debug|x86.ActiveCfg = Debug|Win32
		{32C19D27-B8E6-45B9-8A1C-B42831C0636D}.Debug|x86.Build.0 = Debug|Win32
		{32C19D27-B8E6-45B9-8A1C-B42831C0636D}.Release|x64.ActiveCfg = Release|x64
		{32C19D27-B8E6-45B9-8A1C-B42831C0636D}.Release|x64.Build.0 = Release|x64
		{32C19D27-B8E6-45B9-8A1C-B42831C0636D}.Release|x86.ActiveCfg = Release|Win32
		{32C19D27-B8E6-45B9-8A1C-B42831C0636D}.Release|x86.Build.0 = Release|Win32
		{1C5929C9-9B5F-46C9-8565-99ED82B55C65}.Debug|x64.ActiveCfg = Debug|x64
		{1C5929C9-9B5F-46C9-8565-99ED82B55C65}.Debug|x64.Build.0 = Debug|x64
		{1C5929C9-9B5F-46C9-8565-99ED82B55C65}.Debug|x86.ActiveCfg = Debug|Win32
		{1C5929C9-9B5F-46C9-8565-99ED82B55C65}.Debug|x86.Build.0 = Debug|Win32
		{1C5929C9-9B5F-46C9-8565-99ED82B55C65}.Release|x64.ActiveCfg = Release|x64
		{1C5929C9-9B5F-46C9-8565-99ED82B55C65}.Release|x64.Build.0 = Release|x64
		{1C5929C9-9B5F-46C9-8565-99ED82B55C65}.Release|x86.ActiveCfg = Release|Win32
		{1C5929C9-9B5F-46C9-8565-99ED82B55C65}.Release|x86.Build.0 = Release|Win32
	EndGlobalSection
	GlobalSection(SolutionProperties) = preSolution
		HideSolutionNode = FALSE
	EndGlobalSection
	GlobalSection(ExtensibilityGlobals) = postSolution
		SolutionGuid = {147A698A-BD4B-45A2-9F46-6163F5BE3AFE}
	EndGlobalSection
EndGlobal
